PODS:
  - Flutter (1.0.0)
  - HPWebKit (1.2.1):
    - SSZipArchive (~> 2.2)
  - SSZipArchive (2.4.3)

DEPENDENCIES:
  - Flutter (from `Flutter`)
  - HPWebKit

SPEC REPOS:
  trunk:
    - HPWebKit
    - SSZipArchive

EXTERNAL SOURCES:
  Flutter:
    :path: Flutter

SPEC CHECKSUMS:
  Flutter: f04841e97a9d0b0a8025694d0796dd46242b2854
  HPWebKit: 0cd4b18364dc7c71499d0793c9fa4f93e40a49ae
  SSZipArchive: fe6a26b2a54d5a0890f2567b5cc6de5caa600aef

PODFILE CHECKSUM: dac1d4be646a6a20ac37e5b93644993854943037

COCOAPODS: 1.11.3
